// !$*UTF8*$!
{
	archiveVersion = 1;
	classes = {
	};
	objectVersion = 50;
	objects = {

/* Begin PBXBuildFile section */
		7F4455D2243DF68E007A984D /* AppDelegate.swift in Sources */ = {isa = PBXBuildFile; fileRef = 7F4455D1243DF68E007A984D /* AppDelegate.swift */; };
		7F4455D4243DF68E007A984D /* SceneDelegate.swift in Sources */ = {isa = PBXBuildFile; fileRef = 7F4455D3243DF68E007A984D /* SceneDelegate.swift */; };
		7F4455D6243DF68E007A984D /* ContentView.swift in Sources */ = {isa = PBXBuildFile; fileRef = 7F4455D5243DF68E007A984D /* ContentView.swift */; };
		7F4455D8243DF690007A984D /* Assets.xcassets in Resources */ = {isa = PBXBuildFile; fileRef = 7F4455D7243DF690007A984D /* Assets.xcassets */; };
		7F4455DB243DF690007A984D /* Preview Assets.xcassets in Resources */ = {isa = PBXBuildFile; fileRef = 7F4455DA243DF690007A984D /* Preview Assets.xcassets */; };
		7F4455DE243DF690007A984D /* LaunchScreen.storyboard in Resources */ = {isa = PBXBuildFile; fileRef = 7F4455DC243DF690007A984D /* LaunchScreen.storyboard */; };
		7F4455E9243DF690007A984D /* TheProjectTests.swift in Sources */ = {isa = PBXBuildFile; fileRef = 7F4455E8243DF690007A984D /* TheProjectTests.swift */; };
		7F4455F4243DF690007A984D /* TheProjectUITests.swift in Sources */ = {isa = PBXBuildFile; fileRef = 7F4455F3243DF690007A984D /* TheProjectUITests.swift */; };
		7F445602243E1409007A984D /* ButtonView.swift in Sources */ = {isa = PBXBuildFile; fileRef = 7F445601243E1409007A984D /* ButtonView.swift */; };
/* End PBXBuildFile section */

/* Begin PBXContainerItemProxy section */
		7F4455E5243DF690007A984D /* PBXContainerItemProxy */ = {
			isa = PBXContainerItemProxy;
			containerPortal = 7F4455C6243DF68E007A984D /* Project object */;
			proxyType = 1;
			remoteGlobalIDString = 7F4455CD243DF68E007A984D;
			remoteInfo = TheProject;
		};
		7F4455F0243DF690007A984D /* PBXContainerItemProxy */ = {
			isa = PBXContainerItemProxy;
			containerPortal = 7F4455C6243DF68E007A984D /* Project object */;
			proxyType = 1;
			remoteGlobalIDString = 7F4455CD243DF68E007A984D;
			remoteInfo = TheProject;
		};
/* End PBXContainerItemProxy section */

/* Begin PBXFileReference section */
		7F4455CE243DF68E007A984D /* TheProject.app */ = {isa = PBXFileReference; explicitFileType = wrapper.application; includeInIndex = 0; path = TheProject.app; sourceTree = BUILT_PRODUCTS_DIR; };
		7F4455D1243DF68E007A984D /* AppDelegate.swift */ = {isa = PBXFileReference; lastKnownFileType = sourcecode.swift; path = AppDelegate.swift; sourceTree = "<group>"; };
		7F4455D3243DF68E007A984D /* SceneDelegate.swift */ = {isa = PBXFileReference; lastKnownFileType = sourcecode.swift; path = SceneDelegate.swift; sourceTree = "<group>"; };
		7F4455D5243DF68E007A984D /* ContentView.swift */ = {isa = PBXFileReference; lastKnownFileType = sourcecode.swift; path = ContentView.swift; sourceTree = "<group>"; };
		7F4455D7243DF690007A984D /* Assets.xcassets */ = {isa = PBXFileReference; lastKnownFileType = folder.assetcatalog; path = Assets.xcassets; sourceTree = "<group>"; };
		7F4455DA243DF690007A984D /* Preview Assets.xcassets */ = {isa = PBXFileReference; lastKnownFileType = folder.assetcatalog; path = "Preview Assets.xcassets"; sourceTree = "<group>"; };
		7F4455DD243DF690007A984D /* Base */ = {isa = PBXFileReference; lastKnownFileType = file.storyboard; name = Base; path = Base.lproj/LaunchScreen.storyboard; sourceTree = "<group>"; };
		7F4455DF243DF690007A984D /* Info.plist */ = {isa = PBXFileReference; lastKnownFileType = text.plist.xml; path = Info.plist; sourceTree = "<group>"; };
		7F4455E4243DF690007A984D /* TheProjectTests.xctest */ = {isa = PBXFileReference; explicitFileType = wrapper.cfbundle; includeInIndex = 0; path = TheProjectTests.xctest; sourceTree = BUILT_PRODUCTS_DIR; };
		7F4455E8243DF690007A984D /* TheProjectTests.swift */ = {isa = PBXFileReference; lastKnownFileType = sourcecode.swift; path = TheProjectTests.swift; sourceTree = "<group>"; };
		7F4455EA243DF690007A984D /* Info.plist */ = {isa = PBXFileReference; lastKnownFileType = text.plist.xml; path = Info.plist; sourceTree = "<group>"; };
		7F4455EF243DF690007A984D /* TheProjectUITests.xctest */ = {isa = PBXFileReference; explicitFileType = wrapper.cfbundle; includeInIndex = 0; path = TheProjectUITests.xctest; sourceTree = BUILT_PRODUCTS_DIR; };
		7F4455F3243DF690007A984D /* TheProjectUITests.swift */ = {isa = PBXFileReference; lastKnownFileType = sourcecode.swift; path = TheProjectUITests.swift; sourceTree = "<group>"; };
		7F4455F5243DF690007A984D /* Info.plist */ = {isa = PBXFileReference; lastKnownFileType = text.plist.xml; path = Info.plist; sourceTree = "<group>"; };
		7F445601243E1409007A984D /* ButtonView.swift */ = {isa = PBXFileReference; lastKnownFileType = sourcecode.swift; path = ButtonView.swift; sourceTree = "<group>"; };
/* End PBXFileReference section */

/* Begin PBXFrameworksBuildPhase section */
		7F4455CB243DF68E007A984D /* Frameworks */ = {
			isa = PBXFrameworksBuildPhase;
			buildActionMask = 2147483647;
			files = (
			);
			runOnlyForDeploymentPostprocessing = 0;
		};
		7F4455E1243DF690007A984D /* Frameworks */ = {
			isa = PBXFrameworksBuildPhase;
			buildActionMask = 2147483647;
			files = (
			);
			runOnlyForDeploymentPostprocessing = 0;
		};
		7F4455EC243DF690007A984D /* Frameworks */ = {
			isa = PBXFrameworksBuildPhase;
			buildActionMask = 2147483647;
			files = (
			);
			runOnlyForDeploymentPostprocessing = 0;
		};
/* End PBXFrameworksBuildPhase section */

/* Begin PBXGroup section */
		7F4455C5243DF68E007A984D = {
			isa = PBXGroup;
			children = (
				7F4455D0243DF68E007A984D /* TheProject */,
				7F4455E7243DF690007A984D /* TheProjectTests */,
				7F4455F2243DF690007A984D /* TheProjectUITests */,
				7F4455CF243DF68E007A984D /* Products */,
			);
			sourceTree = "<group>";
		};
		7F4455CF243DF68E007A984D /* Products */ = {
			isa = PBXGroup;
			children = (
				7F4455CE243DF68E007A984D /* TheProject.app */,
				7F4455E4243DF690007A984D /* TheProjectTests.xctest */,
				7F4455EF243DF690007A984D /* TheProjectUITests.xctest */,
			);
			name = Products;
			sourceTree = "<group>";
		};
		7F4455D0243DF68E007A984D /* TheProject */ = {
			isa = PBXGroup;
			children = (
				7F4455D1243DF68E007A984D /* AppDelegate.swift */,
				7F4455D3243DF68E007A984D /* SceneDelegate.swift */,
				7F4455D5243DF68E007A984D /* ContentView.swift */,
				7F445601243E1409007A984D /* ButtonView.swift */,
				7F4455D7243DF690007A984D /* Assets.xcassets */,
				7F4455DC243DF690007A984D /* LaunchScreen.storyboard */,
				7F4455DF243DF690007A984D /* Info.plist */,
				7F4455D9243DF690007A984D /* Preview Content */,
			);
			path = TheProject;
			sourceTree = "<group>";
		};
		7F4455D9243DF690007A984D /* Preview Content */ = {
			isa = PBXGroup;
			children = (
				7F4455DA243DF690007A984D /* Preview Assets.xcassets */,
			);
			path = "Preview Content";
			sourceTree = "<group>";
		};
		7F4455E7243DF690007A984D /* TheProjectTests */ = {
			isa = PBXGroup;
			children = (
				7F4455E8243DF690007A984D /* TheProjectTests.swift */,
				7F4455EA243DF690007A984D /* Info.plist */,
			);
			path = TheProjectTests;
			sourceTree = "<group>";
		};
		7F4455F2243DF690007A984D /* TheProjectUITests */ = {
			isa = PBXGroup;
			children = (
				7F4455F3243DF690007A984D /* TheProjectUITests.swift */,
				7F4455F5243DF690007A984D /* Info.plist */,
			);
			path = TheProjectUITests;
			sourceTree = "<group>";
		};
/* End PBXGroup section */

/* Begin PBXNativeTarget section */
		7F4455CD243DF68E007A984D /* TheProject */ = {
			isa = PBXNativeTarget;
			buildConfigurationList = 7F4455F8243DF690007A984D /* Build configuration list for PBXNativeTarget "TheProject" */;
			buildPhases = (
				7F4455CA243DF68E007A984D /* Sources */,
				7F4455CB243DF68E007A984D /* Frameworks */,
				7F4455CC243DF68E007A984D /* Resources */,
			);
			buildRules = (
			);
			dependencies = (
			);
			name = TheProject;
			productName = TheProject;
			productReference = 7F4455CE243DF68E007A984D /* TheProject.app */;
			productType = "com.apple.product-type.application";
		};
		7F4455E3243DF690007A984D /* TheProjectTests */ = {
			isa = PBXNativeTarget;
			buildConfigurationList = 7F4455FB243DF690007A984D /* Build configuration list for PBXNativeTarget "TheProjectTests" */;
			buildPhases = (
				7F4455E0243DF690007A984D /* Sources */,
				7F4455E1243DF690007A984D /* Frameworks */,
				7F4455E2243DF690007A984D /* Resources */,
			);
			buildRules = (
			);
			dependencies = (
				7F4455E6243DF690007A984D /* PBXTargetDependency */,
			);
			name = TheProjectTests;
			productName = TheProjectTests;
			productReference = 7F4455E4243DF690007A984D /* TheProjectTests.xctest */;
			productType = "com.apple.product-type.bundle.unit-test";
		};
		7F4455EE243DF690007A984D /* TheProjectUITests */ = {
			isa = PBXNativeTarget;
			buildConfigurationList = 7F4455FE243DF690007A984D /* Build configuration list for PBXNativeTarget "TheProjectUITests" */;
			buildPhases = (
				7F4455EB243DF690007A984D /* Sources */,
				7F4455EC243DF690007A984D /* Frameworks */,
				7F4455ED243DF690007A984D /* Resources */,
			);
			buildRules = (
			);
			dependencies = (
				7F4455F1243DF690007A984D /* PBXTargetDependency */,
			);
			name = TheProjectUITests;
			productName = TheProjectUITests;
			productReference = 7F4455EF243DF690007A984D /* TheProjectUITests.xctest */;
			productType = "com.apple.product-type.bundle.ui-testing";
		};
/* End PBXNativeTarget section */

/* Begin PBXProject section */
		7F4455C6243DF68E007A984D /* Project object */ = {
			isa = PBXProject;
			attributes = {
				LastSwiftUpdateCheck = 1130;
				LastUpgradeCheck = 1130;
				ORGANIZATIONNAME = TDF;
				TargetAttributes = {
					7F4455CD243DF68E007A984D = {
						CreatedOnToolsVersion = 11.3.1;
					};
					7F4455E3243DF690007A984D = {
						CreatedOnToolsVersion = 11.3.1;
						TestTargetID = 7F4455CD243DF68E007A984D;
					};
					7F4455EE243DF690007A984D = {
						CreatedOnToolsVersion = 11.3.1;
						TestTargetID = 7F4455CD243DF68E007A984D;
					};
				};
			};
			buildConfigurationList = 7F4455C9243DF68E007A984D /* Build configuration list for PBXProject "TheProject" */;
			compatibilityVersion = "Xcode 9.3";
			developmentRegion = en;
			hasScannedForEncodings = 0;
			knownRegions = (
				en,
				Base,
			);
			mainGroup = 7F4455C5243DF68E007A984D;
			productRefGroup = 7F4455CF243DF68E007A984D /* Products */;
			projectDirPath = "";
			projectRoot = "";
			targets = (
				7F4455CD243DF68E007A984D /* TheProject */,
				7F4455E3243DF690007A984D /* TheProjectTests */,
				7F4455EE243DF690007A984D /* TheProjectUITests */,
			);
		};
/* End PBXProject section */

/* Begin PBXResourcesBuildPhase section */
		7F4455CC243DF68E007A984D /* Resources */ = {
			isa = PBXResourcesBuildPhase;
			buildActionMask = 2147483647;
			files = (
				7F4455DE243DF690007A984D /* LaunchScreen.storyboard in Resources */,
				7F4455DB243DF690007A984D /* Preview Assets.xcassets in Resources */,
				7F4455D8243DF690007A984D /* Assets.xcassets in Resources */,
			);
			runOnlyForDeploymentPostprocessing = 0;
		};
		7F4455E2243DF690007A984D /* Resources */ = {
			isa = PBXResourcesBuildPhase;
			buildActionMask = 2147483647;
			files = (
			);
			runOnlyForDeploymentPostprocessing = 0;
		};
		7F4455ED243DF690007A984D /* Resources */ = {
			isa = PBXResourcesBuildPhase;
			buildActionMask = 2147483647;
			files = (
			);
			runOnlyForDeploymentPostprocessing = 0;
		};
/* End PBXResourcesBuildPhase section */

/* Begin PBXSourcesBuildPhase section */
		7F4455CA243DF68E007A984D /* Sources */ = {
			isa = PBXSourcesBuildPhase;
			buildActionMask = 2147483647;
			files = (
				7F4455D2243DF68E007A984D /* AppDelegate.swift in Sources */,
				7F4455D4243DF68E007A984D /* SceneDelegate.swift in Sources */,
				7F445602243E1409007A984D /* ButtonView.swift in Sources */,
				7F4455D6243DF68E007A984D /* ContentView.swift in Sources */,
			);
			runOnlyForDeploymentPostprocessing = 0;
		};
		7F4455E0243DF690007A984D /* Sources */ = {
			isa = PBXSourcesBuildPhase;
			buildActionMask = 2147483647;
			files = (
				7F4455E9243DF690007A984D /* TheProjectTests.swift in Sources */,
			);
			runOnlyForDeploymentPostprocessing = 0;
		};
		7F4455EB243DF690007A984D /* Sources */ = {
			isa = PBXSourcesBuildPhase;
			buildActionMask = 2147483647;
			files = (
				7F4455F4243DF690007A984D /* TheProjectUITests.swift in Sources */,
			);
			runOnlyForDeploymentPostprocessing = 0;
		};
/* End PBXSourcesBuildPhase section */

/* Begin PBXTargetDependency section */
		7F4455E6243DF690007A984D /* PBXTargetDependency */ = {
			isa = PBXTargetDependency;
			target = 7F4455CD243DF68E007A984D /* TheProject */;
			targetProxy = 7F4455E5243DF690007A984D /* PBXContainerItemProxy */;
		};
		7F4455F1243DF690007A984D /* PBXTargetDependency */ = {
			isa = PBXTargetDependency;
			target = 7F4455CD243DF68E007A984D /* TheProject */;
			targetProxy = 7F4455F0243DF690007A984D /* PBXContainerItemProxy */;
		};
/* End PBXTargetDependency section */

/* Begin PBXVariantGroup section */
		7F4455DC243DF690007A984D /* LaunchScreen.storyboard */ = {
			isa = PBXVariantGroup;
			children = (
				7F4455DD243DF690007A984D /* Base */,
			);
			name = LaunchScreen.storyboard;
			sourceTree = "<group>";
		};
/* End PBXVariantGroup section */

/* Begin XCBuildConfiguration section */
		7F4455F6243DF690007A984D /* Debug */ = {
			isa = XCBuildConfiguration;
			buildSettings = {
				ALWAYS_SEARCH_USER_PATHS = NO;
				CLANG_ANALYZER_NONNULL = YES;
				CLANG_ANALYZER_NUMBER_OBJECT_CONVERSION = YES_AGGRESSIVE;
				CLANG_CXX_LANGUAGE_STANDARD = "gnu++14";
				CLANG_CXX_LIBRARY = "libc++";
				CLANG_ENABLE_MODULES = YES;
				CLANG_ENABLE_OBJC_ARC = YES;
				CLANG_ENABLE_OBJC_WEAK = YES;
				CLANG_WARN_BLOCK_CAPTURE_AUTORELEASING = YES;
				CLANG_WARN_BOOL_CONVERSION = YES;
				CLANG_WARN_COMMA = YES;
				CLANG_WARN_CONSTANT_CONVERSION = YES;
				CLANG_WARN_DEPRECATED_OBJC_IMPLEMENTATIONS = YES;
				CLANG_WARN_DIRECT_OBJC_ISA_USAGE = YES_ERROR;
				CLANG_WARN_DOCUMENTATION_COMMENTS = YES;
				CLANG_WARN_EMPTY_BODY = YES;
				CLANG_WARN_ENUM_CONVERSION = YES;
				CLANG_WARN_INFINITE_RECURSION = YES;
				CLANG_WARN_INT_CONVERSION = YES;
				CLANG_WARN_NON_LITERAL_NULL_CONVERSION = YES;
				CLANG_WARN_OBJC_IMPLICIT_RETAIN_SELF = YES;
				CLANG_WARN_OBJC_LITERAL_CONVERSION = YES;
				CLANG_WARN_OBJC_ROOT_CLASS = YES_ERROR;
				CLANG_WARN_RANGE_LOOP_ANALYSIS = YES;
				CLANG_WARN_STRICT_PROTOTYPES = YES;
				CLANG_WARN_SUSPICIOUS_MOVE = YES;
				CLANG_WARN_UNGUARDED_AVAILABILITY = YES_AGGRESSIVE;
				CLANG_WARN_UNREACHABLE_CODE = YES;
				CLANG_WARN__DUPLICATE_METHOD_MATCH = YES;
				COPY_PHASE_STRIP = NO;
				DEBUG_INFORMATION_FORMAT = dwarf;
				ENABLE_STRICT_OBJC_MSGSEND = YES;
				ENABLE_TESTABILITY = YES;
				GCC_C_LANGUAGE_STANDARD = gnu11;
				GCC_DYNAMIC_NO_PIC = NO;
				GCC_NO_COMMON_BLOCKS = YES;
				GCC_OPTIMIZATION_LEVEL = 0;
				GCC_PREPROCESSOR_DEFINITIONS = (
					"DEBUG=1",
					"$(inherited)",
				);
				GCC_WARN_64_TO_32_BIT_CONVERSION = YES;
				GCC_WARN_ABOUT_RETURN_TYPE = YES_ERROR;
				GCC_WARN_UNDECLARED_SELECTOR = YES;
				GCC_WARN_UNINITIALIZED_AUTOS = YES_AGGRESSIVE;
				GCC_WARN_UNUSED_FUNCTION = YES;
				GCC_WARN_UNUSED_VARIABLE = YES;
				IPHONEOS_DEPLOYMENT_TARGET = 13.2;
				MTL_ENABLE_DEBUG_INFO = INCLUDE_SOURCE;
				MTL_FAST_MATH = YES;
				ONLY_ACTIVE_ARCH = YES;
				SDKROOT = iphoneos;
				SWIFT_ACTIVE_COMPILATION_CONDITIONS = DEBUG;
				SWIFT_OPTIMIZATION_LEVEL = "-Onone";
			};
			name = Debug;
		};
		7F4455F7243DF690007A984D /* Release */ = {
			isa = XCBuildConfiguration;
			buildSettings = {
				ALWAYS_SEARCH_USER_PATHS = NO;
				CLANG_ANALYZER_NONNULL = YES;
				CLANG_ANALYZER_NUMBER_OBJECT_CONVERSION = YES_AGGRESSIVE;
				CLANG_CXX_LANGUAGE_STANDARD = "gnu++14";
				CLANG_CXX_LIBRARY = "libc++";
				CLANG_ENABLE_MODULES = YES;
				CLANG_ENABLE_OBJC_ARC = YES;
				CLANG_ENABLE_OBJC_WEAK = YES;
				CLANG_WARN_BLOCK_CAPTURE_AUTORELEASING = YES;
				CLANG_WARN_BOOL_CONVERSION = YES;
				CLANG_WARN_COMMA = YES;
				CLANG_WARN_CONSTANT_CONVERSION = YES;
				CLANG_WARN_DEPRECATED_OBJC_IMPLEMENTATIONS = YES;
				CLANG_WARN_DIRECT_OBJC_ISA_USAGE = YES_ERROR;
				CLANG_WARN_DOCUMENTATION_COMMENTS = YES;
				CLANG_WARN_EMPTY_BODY = YES;
				CLANG_WARN_ENUM_CONVERSION = YES;
				CLANG_WARN_INFINITE_RECURSION = YES;
				CLANG_WARN_INT_CONVERSION = YES;
				CLANG_WARN_NON_LITERAL_NULL_CONVERSION = YES;
				CLANG_WARN_OBJC_IMPLICIT_RETAIN_SELF = YES;
				CLANG_WARN_OBJC_LITERAL_CONVERSION = YES;
				CLANG_WARN_OBJC_ROOT_CLASS = YES_ERROR;
				CLANG_WARN_RANGE_LOOP_ANALYSIS = YES;
				CLANG_WARN_STRICT_PROTOTYPES = YES;
				CLANG_WARN_SUSPICIOUS_MOVE = YES;
				CLANG_WARN_UNGUARDED_AVAILABILITY = YES_AGGRESSIVE;
				CLANG_WARN_UNREACHABLE_CODE = YES;
				CLANG_WARN__DUPLICATE_METHOD_MATCH = YES;
				COPY_PHASE_STRIP = NO;
				DEBUG_INFORMATION_FORMAT = "dwarf-with-dsym";
				ENABLE_NS_ASSERTIONS = NO;
				ENABLE_STRICT_OBJC_MSGSEND = YES;
				GCC_C_LANGUAGE_STANDARD = gnu11;
				GCC_NO_COMMON_BLOCKS = YES;
				GCC_WARN_64_TO_32_BIT_CONVERSION = YES;
				GCC_WARN_ABOUT_RETURN_TYPE = YES_ERROR;
				GCC_WARN_UNDECLARED_SELECTOR = YES;
				GCC_WARN_UNINITIALIZED_AUTOS = YES_AGGRESSIVE;
				GCC_WARN_UNUSED_FUNCTION = YES;
				GCC_WARN_UNUSED_VARIABLE = YES;
				IPHONEOS_DEPLOYMENT_TARGET = 13.2;
				MTL_ENABLE_DEBUG_INFO = NO;
				MTL_FAST_MATH = YES;
				SDKROOT = iphoneos;
				SWIFT_COMPILATION_MODE = wholemodule;
				SWIFT_OPTIMIZATION_LEVEL = "-O";
				VALIDATE_PRODUCT = YES;
			};
			name = Release;
		};
		7F4455F9243DF690007A984D /* Debug */ = {
			isa = XCBuildConfiguration;
			buildSettings = {
				ASSETCATALOG_COMPILER_APPICON_NAME = AppIcon;
				CODE_SIGN_STYLE = Automatic;
				DEVELOPMENT_ASSET_PATHS = "\"TheProject/Preview Content\"";
				ENABLE_PREVIEWS = YES;
				INFOPLIST_FILE = TheProject/Info.plist;
				LD_RUNPATH_SEARCH_PATHS = (
					"$(inherited)",
					"@executable_path/Frameworks",
				);
				PRODUCT_BUNDLE_IDENTIFIER = org.nrj.TheProject;
				PRODUCT_NAME = "$(TARGET_NAME)";
				SWIFT_VERSION = 5.0;
				TARGETED_DEVICE_FAMILY = "1,2";
			};
			name = Debug;
		};
		7F4455FA243DF690007A984D /* Release */ = {
			isa = XCBuildConfiguration;
			buildSettings = {
				ASSETCATALOG_COMPILER_APPICON_NAME = AppIcon;
				CODE_SIGN_STYLE = Automatic;
				DEVELOPMENT_ASSET_PATHS = "\"TheProject/Preview Content\"";
				ENABLE_PREVIEWS = YES;
				INFOPLIST_FILE = TheProject/Info.plist;
				LD_RUNPATH_SEARCH_PATHS = (
					"$(inherited)",
					"@executable_path/Frameworks",
				);
				PRODUCT_BUNDLE_IDENTIFIER = org.nrj.TheProject;
				PRODUCT_NAME = "$(TARGET_NAME)";
				SWIFT_VERSION = 5.0;
				TARGETED_DEVICE_FAMILY = "1,2";
			};
			name = Release;
		};
		7F4455FC243DF690007A984D /* Debug */ = {
			isa = XCBuildConfiguration;
			buildSettings = {
				ALWAYS_EMBED_SWIFT_STANDARD_LIBRARIES = YES;
				BUNDLE_LOADER = "$(TEST_HOST)";
				CODE_SIGN_STYLE = Automatic;
				INFOPLIST_FILE = TheProjectTests/Info.plist;
				IPHONEOS_DEPLOYMENT_TARGET = 13.2;
				LD_RUNPATH_SEARCH_PATHS = (
					"$(inherited)",
					"@executable_path/Frameworks",
					"@loader_path/Frameworks",
				);
				PRODUCT_BUNDLE_IDENTIFIER = org.nrj.TheProjectTests;
				PRODUCT_NAME = "$(TARGET_NAME)";
				SWIFT_VERSION = 5.0;
				TARGETED_DEVICE_FAMILY = "1,2";
				TEST_HOST = "$(BUILT_PRODUCTS_DIR)/TheProject.app/TheProject";
			};
			name = Debug;
		};
		7F4455FD243DF690007A984D /* Release */ = {
			isa = XCBuildConfiguration;
			buildSettings = {
				ALWAYS_EMBED_SWIFT_STANDARD_LIBRARIES = YES;
				BUNDLE_LOADER = "$(TEST_HOST)";
				CODE_SIGN_STYLE = Automatic;
				INFOPLIST_FILE = TheProjectTests/Info.plist;
				IPHONEOS_DEPLOYMENT_TARGET = 13.2;
				LD_RUNPATH_SEARCH_PATHS = (
					"$(inherited)",
					"@executable_path/Frameworks",
					"@loader_path/Frameworks",
				);
				PRODUCT_BUNDLE_IDENTIFIER = org.nrj.TheProjectTests;
				PRODUCT_NAME = "$(TARGET_NAME)";
				SWIFT_VERSION = 5.0;
				TARGETED_DEVICE_FAMILY = "1,2";
				TEST_HOST = "$(BUILT_PRODUCTS_DIR)/TheProject.app/TheProject";
			};
			name = Release;
		};
		7F4455FF243DF690007A984D /* Debug */ = {
			isa = XCBuildConfiguration;
			buildSettings = {
				ALWAYS_EMBED_SWIFT_STANDARD_LIBRARIES = YES;
				CODE_SIGN_STYLE = Automatic;
				INFOPLIST_FILE = TheProjectUITests/Info.plist;
				LD_RUNPATH_SEARCH_PATHS = (
					"$(inherited)",
					"@executable_path/Frameworks",
					"@loader_path/Frameworks",
				);
				PRODUCT_BUNDLE_IDENTIFIER = org.nrj.TheProjectUITests;
				PRODUCT_NAME = "$(TARGET_NAME)";
				SWIFT_VERSION = 5.0;
				TARGETED_DEVICE_FAMILY = "1,2";
				TEST_TARGET_NAME = TheProject;
			};
			name = Debug;
		};
		7F445600243DF690007A984D /* Release */ = {
			isa = XCBuildConfiguration;
			buildSettings = {
				ALWAYS_EMBED_SWIFT_STANDARD_LIBRARIES = YES;
				CODE_SIGN_STYLE = Automatic;
				INFOPLIST_FILE = TheProjectUITests/Info.plist;
				LD_RUNPATH_SEARCH_PATHS = (
					"$(inherited)",
					"@executable_path/Frameworks",
					"@loader_path/Frameworks",
				);
				PRODUCT_BUNDLE_IDENTIFIER = org.nrj.TheProjectUITests;
				PRODUCT_NAME = "$(TARGET_NAME)";
				SWIFT_VERSION = 5.0;
				TARGETED_DEVICE_FAMILY = "1,2";
				TEST_TARGET_NAME = TheProject;
			};
			name = Release;
		};
/* End XCBuildConfiguration section */

/* Begin XCConfigurationList section */
		7F4455C9243DF68E007A984D /* Build configuration list for PBXProject "TheProject" */ = {
			isa = XCConfigurationList;
			buildConfigurations = (
				7F4455F6243DF690007A984D /* Debug */,
				7F4455F7243DF690007A984D /* Release */,
			);
			defaultConfigurationIsVisible = 0;
			defaultConfigurationName = Release;
		};
		7F4455F8243DF690007A984D /* Build configuration list for PBXNativeTarget "TheProject" */ = {
			isa = XCConfigurationList;
			buildConfigurations = (
				7F4455F9243DF690007A984D /* Debug */,
				7F4455FA243DF690007A984D /* Release */,
			);
			defaultConfigurationIsVisible = 0;
			defaultConfigurationName = Release;
		};
		7F4455FB243DF690007A984D /* Build configuration list for PBXNativeTarget "TheProjectTests" */ = {
			isa = XCConfigurationList;
			buildConfigurations = (
				7F4455FC243DF690007A984D /* Debug */,
				7F4455FD243DF690007A984D /* Release */,
			);
			defaultConfigurationIsVisible = 0;
			defaultConfigurationName = Release;
		};
		7F4455FE243DF690007A984D /* Build configuration list for PBXNativeTarget "TheProjectUITests" */ = {
			isa = XCConfigurationList;
			buildConfigurations = (
				7F4455FF243DF690007A984D /* Debug */,
				7F445600243DF690007A984D /* Release */,
			);
			defaultConfigurationIsVisible = 0;
			defaultConfigurationName = Release;
		};
/* End XCConfigurationList section */
	};
	rootObject = 7F4455C6243DF68E007A984D /* Project object */;
}
