// !$*UTF8*$!
{
	archiveVersion = 1;
	classes = {
	};
	objectVersion = 50;
	objects = {

/* Begin PBXBuildFile section */
		7F445610243E2C02007A984D /* AppDelegate.swift in Sources */ = {isa = PBXBuildFile; fileRef = 7F44560F243E2C02007A984D /* AppDelegate.swift */; };
		7F445612243E2C02007A984D /* SceneDelegate.swift in Sources */ = {isa = PBXBuildFile; fileRef = 7F445611243E2C02007A984D /* SceneDelegate.swift */; };
		7F445614243E2C02007A984D /* ContentView.swift in Sources */ = {isa = PBXBuildFile; fileRef = 7F445613243E2C02007A984D /* ContentView.swift */; };
		7F445616243E2C04007A984D /* Assets.xcassets in Resources */ = {isa = PBXBuildFile; fileRef = 7F445615243E2C04007A984D /* Assets.xcassets */; };
		7F445619243E2C04007A984D /* Preview Assets.xcassets in Resources */ = {isa = PBXBuildFile; fileRef = 7F445618243E2C04007A984D /* Preview Assets.xcassets */; };
		7F44561C243E2C04007A984D /* LaunchScreen.storyboard in Resources */ = {isa = PBXBuildFile; fileRef = 7F44561A243E2C04007A984D /* LaunchScreen.storyboard */; };
		7F445627243E2C04007A984D /* LoginAppTests.swift in Sources */ = {isa = PBXBuildFile; fileRef = 7F445626243E2C04007A984D /* LoginAppTests.swift */; };
		7F445632243E2C04007A984D /* LoginAppUITests.swift in Sources */ = {isa = PBXBuildFile; fileRef = 7F445631243E2C04007A984D /* LoginAppUITests.swift */; };
/* End PBXBuildFile section */

/* Begin PBXContainerItemProxy section */
		7F445623243E2C04007A984D /* PBXContainerItemProxy */ = {
			isa = PBXContainerItemProxy;
			containerPortal = 7F445604243E2C02007A984D /* Project object */;
			proxyType = 1;
			remoteGlobalIDString = 7F44560B243E2C02007A984D;
			remoteInfo = LoginApp;
		};
		7F44562E243E2C04007A984D /* PBXContainerItemProxy */ = {
			isa = PBXContainerItemProxy;
			containerPortal = 7F445604243E2C02007A984D /* Project object */;
			proxyType = 1;
			remoteGlobalIDString = 7F44560B243E2C02007A984D;
			remoteInfo = LoginApp;
		};
/* End PBXContainerItemProxy section */

/* Begin PBXFileReference section */
		7F44560C243E2C02007A984D /* LoginApp.app */ = {isa = PBXFileReference; explicitFileType = wrapper.application; includeInIndex = 0; path = LoginApp.app; sourceTree = BUILT_PRODUCTS_DIR; };
		7F44560F243E2C02007A984D /* AppDelegate.swift */ = {isa = PBXFileReference; lastKnownFileType = sourcecode.swift; path = AppDelegate.swift; sourceTree = "<group>"; };
		7F445611243E2C02007A984D /* SceneDelegate.swift */ = {isa = PBXFileReference; lastKnownFileType = sourcecode.swift; path = SceneDelegate.swift; sourceTree = "<group>"; };
		7F445613243E2C02007A984D /* ContentView.swift */ = {isa = PBXFileReference; lastKnownFileType = sourcecode.swift; path = ContentView.swift; sourceTree = "<group>"; };
		7F445615243E2C04007A984D /* Assets.xcassets */ = {isa = PBXFileReference; lastKnownFileType = folder.assetcatalog; path = Assets.xcassets; sourceTree = "<group>"; };
		7F445618243E2C04007A984D /* Preview Assets.xcassets */ = {isa = PBXFileReference; lastKnownFileType = folder.assetcatalog; path = "Preview Assets.xcassets"; sourceTree = "<group>"; };
		7F44561B243E2C04007A984D /* Base */ = {isa = PBXFileReference; lastKnownFileType = file.storyboard; name = Base; path = Base.lproj/LaunchScreen.storyboard; sourceTree = "<group>"; };
		7F44561D243E2C04007A984D /* Info.plist */ = {isa = PBXFileReference; lastKnownFileType = text.plist.xml; path = Info.plist; sourceTree = "<group>"; };
		7F445622243E2C04007A984D /* LoginAppTests.xctest */ = {isa = PBXFileReference; explicitFileType = wrapper.cfbundle; includeInIndex = 0; path = LoginAppTests.xctest; sourceTree = BUILT_PRODUCTS_DIR; };
		7F445626243E2C04007A984D /* LoginAppTests.swift */ = {isa = PBXFileReference; lastKnownFileType = sourcecode.swift; path = LoginAppTests.swift; sourceTree = "<group>"; };
		7F445628243E2C04007A984D /* Info.plist */ = {isa = PBXFileReference; lastKnownFileType = text.plist.xml; path = Info.plist; sourceTree = "<group>"; };
		7F44562D243E2C04007A984D /* LoginAppUITests.xctest */ = {isa = PBXFileReference; explicitFileType = wrapper.cfbundle; includeInIndex = 0; path = LoginAppUITests.xctest; sourceTree = BUILT_PRODUCTS_DIR; };
		7F445631243E2C04007A984D /* LoginAppUITests.swift */ = {isa = PBXFileReference; lastKnownFileType = sourcecode.swift; path = LoginAppUITests.swift; sourceTree = "<group>"; };
		7F445633243E2C04007A984D /* Info.plist */ = {isa = PBXFileReference; lastKnownFileType = text.plist.xml; path = Info.plist; sourceTree = "<group>"; };
/* End PBXFileReference section */

/* Begin PBXFrameworksBuildPhase section */
		7F445609243E2C02007A984D /* Frameworks */ = {
			isa = PBXFrameworksBuildPhase;
			buildActionMask = 2147483647;
			files = (
			);
			runOnlyForDeploymentPostprocessing = 0;
		};
		7F44561F243E2C04007A984D /* Frameworks */ = {
			isa = PBXFrameworksBuildPhase;
			buildActionMask = 2147483647;
			files = (
			);
			runOnlyForDeploymentPostprocessing = 0;
		};
		7F44562A243E2C04007A984D /* Frameworks */ = {
			isa = PBXFrameworksBuildPhase;
			buildActionMask = 2147483647;
			files = (
			);
			runOnlyForDeploymentPostprocessing = 0;
		};
/* End PBXFrameworksBuildPhase section */

/* Begin PBXGroup section */
		7F445603243E2C02007A984D = {
			isa = PBXGroup;
			children = (
				7F44560E243E2C02007A984D /* LoginApp */,
				7F445625243E2C04007A984D /* LoginAppTests */,
				7F445630243E2C04007A984D /* LoginAppUITests */,
				7F44560D243E2C02007A984D /* Products */,
			);
			sourceTree = "<group>";
		};
		7F44560D243E2C02007A984D /* Products */ = {
			isa = PBXGroup;
			children = (
				7F44560C243E2C02007A984D /* LoginApp.app */,
				7F445622243E2C04007A984D /* LoginAppTests.xctest */,
				7F44562D243E2C04007A984D /* LoginAppUITests.xctest */,
			);
			name = Products;
			sourceTree = "<group>";
		};
		7F44560E243E2C02007A984D /* LoginApp */ = {
			isa = PBXGroup;
			children = (
				7F44560F243E2C02007A984D /* AppDelegate.swift */,
				7F445611243E2C02007A984D /* SceneDelegate.swift */,
				7F445613243E2C02007A984D /* ContentView.swift */,
				7F445615243E2C04007A984D /* Assets.xcassets */,
				7F44561A243E2C04007A984D /* LaunchScreen.storyboard */,
				7F44561D243E2C04007A984D /* Info.plist */,
				7F445617243E2C04007A984D /* Preview Content */,
			);
			path = LoginApp;
			sourceTree = "<group>";
		};
		7F445617243E2C04007A984D /* Preview Content */ = {
			isa = PBXGroup;
			children = (
				7F445618243E2C04007A984D /* Preview Assets.xcassets */,
			);
			path = "Preview Content";
			sourceTree = "<group>";
		};
		7F445625243E2C04007A984D /* LoginAppTests */ = {
			isa = PBXGroup;
			children = (
				7F445626243E2C04007A984D /* LoginAppTests.swift */,
				7F445628243E2C04007A984D /* Info.plist */,
			);
			path = LoginAppTests;
			sourceTree = "<group>";
		};
		7F445630243E2C04007A984D /* LoginAppUITests */ = {
			isa = PBXGroup;
			children = (
				7F445631243E2C04007A984D /* LoginAppUITests.swift */,
				7F445633243E2C04007A984D /* Info.plist */,
			);
			path = LoginAppUITests;
			sourceTree = "<group>";
		};
/* End PBXGroup section */

/* Begin PBXNativeTarget section */
		7F44560B243E2C02007A984D /* LoginApp */ = {
			isa = PBXNativeTarget;
			buildConfigurationList = 7F445636243E2C04007A984D /* Build configuration list for PBXNativeTarget "LoginApp" */;
			buildPhases = (
				7F445608243E2C02007A984D /* Sources */,
				7F445609243E2C02007A984D /* Frameworks */,
				7F44560A243E2C02007A984D /* Resources */,
			);
			buildRules = (
			);
			dependencies = (
			);
			name = LoginApp;
			productName = LoginApp;
			productReference = 7F44560C243E2C02007A984D /* LoginApp.app */;
			productType = "com.apple.product-type.application";
		};
		7F445621243E2C04007A984D /* LoginAppTests */ = {
			isa = PBXNativeTarget;
			buildConfigurationList = 7F445639243E2C04007A984D /* Build configuration list for PBXNativeTarget "LoginAppTests" */;
			buildPhases = (
				7F44561E243E2C04007A984D /* Sources */,
				7F44561F243E2C04007A984D /* Frameworks */,
				7F445620243E2C04007A984D /* Resources */,
			);
			buildRules = (
			);
			dependencies = (
				7F445624243E2C04007A984D /* PBXTargetDependency */,
			);
			name = LoginAppTests;
			productName = LoginAppTests;
			productReference = 7F445622243E2C04007A984D /* LoginAppTests.xctest */;
			productType = "com.apple.product-type.bundle.unit-test";
		};
		7F44562C243E2C04007A984D /* LoginAppUITests */ = {
			isa = PBXNativeTarget;
			buildConfigurationList = 7F44563C243E2C04007A984D /* Build configuration list for PBXNativeTarget "LoginAppUITests" */;
			buildPhases = (
				7F445629243E2C04007A984D /* Sources */,
				7F44562A243E2C04007A984D /* Frameworks */,
				7F44562B243E2C04007A984D /* Resources */,
			);
			buildRules = (
			);
			dependencies = (
				7F44562F243E2C04007A984D /* PBXTargetDependency */,
			);
			name = LoginAppUITests;
			productName = LoginAppUITests;
			productReference = 7F44562D243E2C04007A984D /* LoginAppUITests.xctest */;
			productType = "com.apple.product-type.bundle.ui-testing";
		};
/* End PBXNativeTarget section */

/* Begin PBXProject section */
		7F445604243E2C02007A984D /* Project object */ = {
			isa = PBXProject;
			attributes = {
				LastSwiftUpdateCheck = 1130;
				LastUpgradeCheck = 1130;
				ORGANIZATIONNAME = TDF;
				TargetAttributes = {
					7F44560B243E2C02007A984D = {
						CreatedOnToolsVersion = 11.3.1;
					};
					7F445621243E2C04007A984D = {
						CreatedOnToolsVersion = 11.3.1;
						TestTargetID = 7F44560B243E2C02007A984D;
					};
					7F44562C243E2C04007A984D = {
						CreatedOnToolsVersion = 11.3.1;
						TestTargetID = 7F44560B243E2C02007A984D;
					};
				};
			};
			buildConfigurationList = 7F445607243E2C02007A984D /* Build configuration list for PBXProject "LoginApp" */;
			compatibilityVersion = "Xcode 9.3";
			developmentRegion = en;
			hasScannedForEncodings = 0;
			knownRegions = (
				en,
				Base,
			);
			mainGroup = 7F445603243E2C02007A984D;
			productRefGroup = 7F44560D243E2C02007A984D /* Products */;
			projectDirPath = "";
			projectRoot = "";
			targets = (
				7F44560B243E2C02007A984D /* LoginApp */,
				7F445621243E2C04007A984D /* LoginAppTests */,
				7F44562C243E2C04007A984D /* LoginAppUITests */,
			);
		};
/* End PBXProject section */

/* Begin PBXResourcesBuildPhase section */
		7F44560A243E2C02007A984D /* Resources */ = {
			isa = PBXResourcesBuildPhase;
			buildActionMask = 2147483647;
			files = (
				7F44561C243E2C04007A984D /* LaunchScreen.storyboard in Resources */,
				7F445619243E2C04007A984D /* Preview Assets.xcassets in Resources */,
				7F445616243E2C04007A984D /* Assets.xcassets in Resources */,
			);
			runOnlyForDeploymentPostprocessing = 0;
		};
		7F445620243E2C04007A984D /* Resources */ = {
			isa = PBXResourcesBuildPhase;
			buildActionMask = 2147483647;
			files = (
			);
			runOnlyForDeploymentPostprocessing = 0;
		};
		7F44562B243E2C04007A984D /* Resources */ = {
			isa = PBXResourcesBuildPhase;
			buildActionMask = 2147483647;
			files = (
			);
			runOnlyForDeploymentPostprocessing = 0;
		};
/* End PBXResourcesBuildPhase section */

/* Begin PBXSourcesBuildPhase section */
		7F445608243E2C02007A984D /* Sources */ = {
			isa = PBXSourcesBuildPhase;
			buildActionMask = 2147483647;
			files = (
				7F445610243E2C02007A984D /* AppDelegate.swift in Sources */,
				7F445612243E2C02007A984D /* SceneDelegate.swift in Sources */,
				7F445614243E2C02007A984D /* ContentView.swift in Sources */,
			);
			runOnlyForDeploymentPostprocessing = 0;
		};
		7F44561E243E2C04007A984D /* Sources */ = {
			isa = PBXSourcesBuildPhase;
			buildActionMask = 2147483647;
			files = (
				7F445627243E2C04007A984D /* LoginAppTests.swift in Sources */,
			);
			runOnlyForDeploymentPostprocessing = 0;
		};
		7F445629243E2C04007A984D /* Sources */ = {
			isa = PBXSourcesBuildPhase;
			buildActionMask = 2147483647;
			files = (
				7F445632243E2C04007A984D /* LoginAppUITests.swift in Sources */,
			);
			runOnlyForDeploymentPostprocessing = 0;
		};
/* End PBXSourcesBuildPhase section */

/* Begin PBXTargetDependency section */
		7F445624243E2C04007A984D /* PBXTargetDependency */ = {
			isa = PBXTargetDependency;
			target = 7F44560B243E2C02007A984D /* LoginApp */;
			targetProxy = 7F445623243E2C04007A984D /* PBXContainerItemProxy */;
		};
		7F44562F243E2C04007A984D /* PBXTargetDependency */ = {
			isa = PBXTargetDependency;
			target = 7F44560B243E2C02007A984D /* LoginApp */;
			targetProxy = 7F44562E243E2C04007A984D /* PBXContainerItemProxy */;
		};
/* End PBXTargetDependency section */

/* Begin PBXVariantGroup section */
		7F44561A243E2C04007A984D /* LaunchScreen.storyboard */ = {
			isa = PBXVariantGroup;
			children = (
				7F44561B243E2C04007A984D /* Base */,
			);
			name = LaunchScreen.storyboard;
			sourceTree = "<group>";
		};
/* End PBXVariantGroup section */

/* Begin XCBuildConfiguration section */
		7F445634243E2C04007A984D /* Debug */ = {
			isa = XCBuildConfiguration;
			buildSettings = {
				ALWAYS_SEARCH_USER_PATHS = NO;
				CLANG_ANALYZER_NONNULL = YES;
				CLANG_ANALYZER_NUMBER_OBJECT_CONVERSION = YES_AGGRESSIVE;
				CLANG_CXX_LANGUAGE_STANDARD = "gnu++14";
				CLANG_CXX_LIBRARY = "libc++";
				CLANG_ENABLE_MODULES = YES;
				CLANG_ENABLE_OBJC_ARC = YES;
				CLANG_ENABLE_OBJC_WEAK = YES;
				CLANG_WARN_BLOCK_CAPTURE_AUTORELEASING = YES;
				CLANG_WARN_BOOL_CONVERSION = YES;
				CLANG_WARN_COMMA = YES;
				CLANG_WARN_CONSTANT_CONVERSION = YES;
				CLANG_WARN_DEPRECATED_OBJC_IMPLEMENTATIONS = YES;
				CLANG_WARN_DIRECT_OBJC_ISA_USAGE = YES_ERROR;
				CLANG_WARN_DOCUMENTATION_COMMENTS = YES;
				CLANG_WARN_EMPTY_BODY = YES;
				CLANG_WARN_ENUM_CONVERSION = YES;
				CLANG_WARN_INFINITE_RECURSION = YES;
				CLANG_WARN_INT_CONVERSION = YES;
				CLANG_WARN_NON_LITERAL_NULL_CONVERSION = YES;
				CLANG_WARN_OBJC_IMPLICIT_RETAIN_SELF = YES;
				CLANG_WARN_OBJC_LITERAL_CONVERSION = YES;
				CLANG_WARN_OBJC_ROOT_CLASS = YES_ERROR;
				CLANG_WARN_RANGE_LOOP_ANALYSIS = YES;
				CLANG_WARN_STRICT_PROTOTYPES = YES;
				CLANG_WARN_SUSPICIOUS_MOVE = YES;
				CLANG_WARN_UNGUARDED_AVAILABILITY = YES_AGGRESSIVE;
				CLANG_WARN_UNREACHABLE_CODE = YES;
				CLANG_WARN__DUPLICATE_METHOD_MATCH = YES;
				COPY_PHASE_STRIP = NO;
				DEBUG_INFORMATION_FORMAT = dwarf;
				ENABLE_STRICT_OBJC_MSGSEND = YES;
				ENABLE_TESTABILITY = YES;
				GCC_C_LANGUAGE_STANDARD = gnu11;
				GCC_DYNAMIC_NO_PIC = NO;
				GCC_NO_COMMON_BLOCKS = YES;
				GCC_OPTIMIZATION_LEVEL = 0;
				GCC_PREPROCESSOR_DEFINITIONS = (
					"DEBUG=1",
					"$(inherited)",
				);
				GCC_WARN_64_TO_32_BIT_CONVERSION = YES;
				GCC_WARN_ABOUT_RETURN_TYPE = YES_ERROR;
				GCC_WARN_UNDECLARED_SELECTOR = YES;
				GCC_WARN_UNINITIALIZED_AUTOS = YES_AGGRESSIVE;
				GCC_WARN_UNUSED_FUNCTION = YES;
				GCC_WARN_UNUSED_VARIABLE = YES;
				IPHONEOS_DEPLOYMENT_TARGET = 13.2;
				MTL_ENABLE_DEBUG_INFO = INCLUDE_SOURCE;
				MTL_FAST_MATH = YES;
				ONLY_ACTIVE_ARCH = YES;
				SDKROOT = iphoneos;
				SWIFT_ACTIVE_COMPILATION_CONDITIONS = DEBUG;
				SWIFT_OPTIMIZATION_LEVEL = "-Onone";
			};
			name = Debug;
		};
		7F445635243E2C04007A984D /* Release */ = {
			isa = XCBuildConfiguration;
			buildSettings = {
				ALWAYS_SEARCH_USER_PATHS = NO;
				CLANG_ANALYZER_NONNULL = YES;
				CLANG_ANALYZER_NUMBER_OBJECT_CONVERSION = YES_AGGRESSIVE;
				CLANG_CXX_LANGUAGE_STANDARD = "gnu++14";
				CLANG_CXX_LIBRARY = "libc++";
				CLANG_ENABLE_MODULES = YES;
				CLANG_ENABLE_OBJC_ARC = YES;
				CLANG_ENABLE_OBJC_WEAK = YES;
				CLANG_WARN_BLOCK_CAPTURE_AUTORELEASING = YES;
				CLANG_WARN_BOOL_CONVERSION = YES;
				CLANG_WARN_COMMA = YES;
				CLANG_WARN_CONSTANT_CONVERSION = YES;
				CLANG_WARN_DEPRECATED_OBJC_IMPLEMENTATIONS = YES;
				CLANG_WARN_DIRECT_OBJC_ISA_USAGE = YES_ERROR;
				CLANG_WARN_DOCUMENTATION_COMMENTS = YES;
				CLANG_WARN_EMPTY_BODY = YES;
				CLANG_WARN_ENUM_CONVERSION = YES;
				CLANG_WARN_INFINITE_RECURSION = YES;
				CLANG_WARN_INT_CONVERSION = YES;
				CLANG_WARN_NON_LITERAL_NULL_CONVERSION = YES;
				CLANG_WARN_OBJC_IMPLICIT_RETAIN_SELF = YES;
				CLANG_WARN_OBJC_LITERAL_CONVERSION = YES;
				CLANG_WARN_OBJC_ROOT_CLASS = YES_ERROR;
				CLANG_WARN_RANGE_LOOP_ANALYSIS = YES;
				CLANG_WARN_STRICT_PROTOTYPES = YES;
				CLANG_WARN_SUSPICIOUS_MOVE = YES;
				CLANG_WARN_UNGUARDED_AVAILABILITY = YES_AGGRESSIVE;
				CLANG_WARN_UNREACHABLE_CODE = YES;
				CLANG_WARN__DUPLICATE_METHOD_MATCH = YES;
				COPY_PHASE_STRIP = NO;
				DEBUG_INFORMATION_FORMAT = "dwarf-with-dsym";
				ENABLE_NS_ASSERTIONS = NO;
				ENABLE_STRICT_OBJC_MSGSEND = YES;
				GCC_C_LANGUAGE_STANDARD = gnu11;
				GCC_NO_COMMON_BLOCKS = YES;
				GCC_WARN_64_TO_32_BIT_CONVERSION = YES;
				GCC_WARN_ABOUT_RETURN_TYPE = YES_ERROR;
				GCC_WARN_UNDECLARED_SELECTOR = YES;
				GCC_WARN_UNINITIALIZED_AUTOS = YES_AGGRESSIVE;
				GCC_WARN_UNUSED_FUNCTION = YES;
				GCC_WARN_UNUSED_VARIABLE = YES;
				IPHONEOS_DEPLOYMENT_TARGET = 13.2;
				MTL_ENABLE_DEBUG_INFO = NO;
				MTL_FAST_MATH = YES;
				SDKROOT = iphoneos;
				SWIFT_COMPILATION_MODE = wholemodule;
				SWIFT_OPTIMIZATION_LEVEL = "-O";
				VALIDATE_PRODUCT = YES;
			};
			name = Release;
		};
		7F445637243E2C04007A984D /* Debug */ = {
			isa = XCBuildConfiguration;
			buildSettings = {
				ASSETCATALOG_COMPILER_APPICON_NAME = AppIcon;
				CODE_SIGN_STYLE = Automatic;
				DEVELOPMENT_ASSET_PATHS = "\"LoginApp/Preview Content\"";
				ENABLE_PREVIEWS = YES;
				INFOPLIST_FILE = LoginApp/Info.plist;
				LD_RUNPATH_SEARCH_PATHS = (
					"$(inherited)",
					"@executable_path/Frameworks",
				);
				PRODUCT_BUNDLE_IDENTIFIER = org.nrj.LoginApp;
				PRODUCT_NAME = "$(TARGET_NAME)";
				SWIFT_VERSION = 5.0;
				TARGETED_DEVICE_FAMILY = "1,2";
			};
			name = Debug;
		};
		7F445638243E2C04007A984D /* Release */ = {
			isa = XCBuildConfiguration;
			buildSettings = {
				ASSETCATALOG_COMPILER_APPICON_NAME = AppIcon;
				CODE_SIGN_STYLE = Automatic;
				DEVELOPMENT_ASSET_PATHS = "\"LoginApp/Preview Content\"";
				ENABLE_PREVIEWS = YES;
				INFOPLIST_FILE = LoginApp/Info.plist;
				LD_RUNPATH_SEARCH_PATHS = (
					"$(inherited)",
					"@executable_path/Frameworks",
				);
				PRODUCT_BUNDLE_IDENTIFIER = org.nrj.LoginApp;
				PRODUCT_NAME = "$(TARGET_NAME)";
				SWIFT_VERSION = 5.0;
				TARGETED_DEVICE_FAMILY = "1,2";
			};
			name = Release;
		};
		7F44563A243E2C04007A984D /* Debug */ = {
			isa = XCBuildConfiguration;
			buildSettings = {
				ALWAYS_EMBED_SWIFT_STANDARD_LIBRARIES = YES;
				BUNDLE_LOADER = "$(TEST_HOST)";
				CODE_SIGN_STYLE = Automatic;
				INFOPLIST_FILE = LoginAppTests/Info.plist;
				IPHONEOS_DEPLOYMENT_TARGET = 13.2;
				LD_RUNPATH_SEARCH_PATHS = (
					"$(inherited)",
					"@executable_path/Frameworks",
					"@loader_path/Frameworks",
				);
				PRODUCT_BUNDLE_IDENTIFIER = org.nrj.LoginAppTests;
				PRODUCT_NAME = "$(TARGET_NAME)";
				SWIFT_VERSION = 5.0;
				TARGETED_DEVICE_FAMILY = "1,2";
				TEST_HOST = "$(BUILT_PRODUCTS_DIR)/LoginApp.app/LoginApp";
			};
			name = Debug;
		};
		7F44563B243E2C04007A984D /* Release */ = {
			isa = XCBuildConfiguration;
			buildSettings = {
				ALWAYS_EMBED_SWIFT_STANDARD_LIBRARIES = YES;
				BUNDLE_LOADER = "$(TEST_HOST)";
				CODE_SIGN_STYLE = Automatic;
				INFOPLIST_FILE = LoginAppTests/Info.plist;
				IPHONEOS_DEPLOYMENT_TARGET = 13.2;
				LD_RUNPATH_SEARCH_PATHS = (
					"$(inherited)",
					"@executable_path/Frameworks",
					"@loader_path/Frameworks",
				);
				PRODUCT_BUNDLE_IDENTIFIER = org.nrj.LoginAppTests;
				PRODUCT_NAME = "$(TARGET_NAME)";
				SWIFT_VERSION = 5.0;
				TARGETED_DEVICE_FAMILY = "1,2";
				TEST_HOST = "$(BUILT_PRODUCTS_DIR)/LoginApp.app/LoginApp";
			};
			name = Release;
		};
		7F44563D243E2C04007A984D /* Debug */ = {
			isa = XCBuildConfiguration;
			buildSettings = {
				ALWAYS_EMBED_SWIFT_STANDARD_LIBRARIES = YES;
				CODE_SIGN_STYLE = Automatic;
				INFOPLIST_FILE = LoginAppUITests/Info.plist;
				LD_RUNPATH_SEARCH_PATHS = (
					"$(inherited)",
					"@executable_path/Frameworks",
					"@loader_path/Frameworks",
				);
				PRODUCT_BUNDLE_IDENTIFIER = org.nrj.LoginAppUITests;
				PRODUCT_NAME = "$(TARGET_NAME)";
				SWIFT_VERSION = 5.0;
				TARGETED_DEVICE_FAMILY = "1,2";
				TEST_TARGET_NAME = LoginApp;
			};
			name = Debug;
		};
		7F44563E243E2C04007A984D /* Release */ = {
			isa = XCBuildConfiguration;
			buildSettings = {
				ALWAYS_EMBED_SWIFT_STANDARD_LIBRARIES = YES;
				CODE_SIGN_STYLE = Automatic;
				INFOPLIST_FILE = LoginAppUITests/Info.plist;
				LD_RUNPATH_SEARCH_PATHS = (
					"$(inherited)",
					"@executable_path/Frameworks",
					"@loader_path/Frameworks",
				);
				PRODUCT_BUNDLE_IDENTIFIER = org.nrj.LoginAppUITests;
				PRODUCT_NAME = "$(TARGET_NAME)";
				SWIFT_VERSION = 5.0;
				TARGETED_DEVICE_FAMILY = "1,2";
				TEST_TARGET_NAME = LoginApp;
			};
			name = Release;
		};
/* End XCBuildConfiguration section */

/* Begin XCConfigurationList section */
		7F445607243E2C02007A984D /* Build configuration list for PBXProject "LoginApp" */ = {
			isa = XCConfigurationList;
			buildConfigurations = (
				7F445634243E2C04007A984D /* Debug */,
				7F445635243E2C04007A984D /* Release */,
			);
			defaultConfigurationIsVisible = 0;
			defaultConfigurationName = Release;
		};
		7F445636243E2C04007A984D /* Build configuration list for PBXNativeTarget "LoginApp" */ = {
			isa = XCConfigurationList;
			buildConfigurations = (
				7F445637243E2C04007A984D /* Debug */,
				7F445638243E2C04007A984D /* Release */,
			);
			defaultConfigurationIsVisible = 0;
			defaultConfigurationName = Release;
		};
		7F445639243E2C04007A984D /* Build configuration list for PBXNativeTarget "LoginAppTests" */ = {
			isa = XCConfigurationList;
			buildConfigurations = (
				7F44563A243E2C04007A984D /* Debug */,
				7F44563B243E2C04007A984D /* Release */,
			);
			defaultConfigurationIsVisible = 0;
			defaultConfigurationName = Release;
		};
		7F44563C243E2C04007A984D /* Build configuration list for PBXNativeTarget "LoginAppUITests" */ = {
			isa = XCConfigurationList;
			buildConfigurations = (
				7F44563D243E2C04007A984D /* Debug */,
				7F44563E243E2C04007A984D /* Release */,
			);
			defaultConfigurationIsVisible = 0;
			defaultConfigurationName = Release;
		};
/* End XCConfigurationList section */
	};
	rootObject = 7F445604243E2C02007A984D /* Project object */;
}
